
Microsoft Visual Studio Solution File, Format Version 12.00
# Visual Studio 15
Project("{FAE04EC0-301F-11D3-BF4B-00C04F79EFBC}") = "Assembly-CSharp", "Assembly-CSharp.csproj", "{AABF2B1B-6EFF-CD90-DAFE-351A8A55DE44}"
EndProject
Global
	GlobalSection(SolutionConfigurationPlatforms) = preSolution
		Debug|Any CPU = Debug|Any CPU
		Release|Any CPU = Release|Any CPU
	EndGlobalSection
	GlobalSection(ProjectConfigurationPlatforms) = postSolution
		{AABF2B1B-6EFF-CD90-DAFE-351A8A55DE44}.Debug|Any CPU.ActiveCfg = Debug|Any CPU
		{AABF2B1B-6EFF-CD90-DAFE-351A8A55DE44}.Debug|Any CPU.Build.0 = Debug|Any CPU
		{AABF2B1B-6EFF-CD90-DAFE-351A8A55DE44}.Release|Any CPU.ActiveCfg = Release|Any CPU
		{AABF2B1B-6EFF-CD90-DAFE-351A8A55DE44}.Release|Any CPU.Build.0 = Release|Any CPU
	EndGlobalSection
	GlobalSection(SolutionProperties) = preSolution
		HideSolutionNode = FALSE
	EndGlobalSection
EndGlobal
